// !$*UTF8*$!
{
	archiveVersion = 1;
	classes = {
	};
	objectVersion = 46;
	objects = {

/* Begin PBXBuildFile section */
		09C5ECC41891E44D00D9B859 /* main.cpp in Sources */ = {isa = PBXBuildFile; fileRef = 09C5ECC31891E44D00D9B859 /* main.cpp */; };
		09C5ECC61891E44D00D9B859 /* SeniorProject.1 in CopyFiles */ = {isa = PBXBuildFile; fileRef = 09C5ECC51891E44D00D9B859 /* SeniorProject.1 */; };
/* End PBXBuildFile section */

/* Begin PBXCopyFilesBuildPhase section */
		09C5ECBE1891E44D00D9B859 /* CopyFiles */ = {
			isa = PBXCopyFilesBuildPhase;
			buildActionMask = 2147483647;
			dstPath = /usr/share/man/man1/;
			dstSubfolderSpec = 0;
			files = (
				09C5ECC61891E44D00D9B859 /* SeniorProject.1 in CopyFiles */,
			);
			runOnlyForDeploymentPostprocessing = 1;
		};
/* End PBXCopyFilesBuildPhase section */

/* Begin PBXFileReference section */
		09C5ECC01891E44D00D9B859 /* SeniorProject */ = {isa = PBXFileReference; explicitFileType = "compiled.mach-o.executable"; includeInIndex = 0; path = SeniorProject; sourceTree = BUILT_PRODUCTS_DIR; };
		09C5ECC31891E44D00D9B859 /* main.cpp */ = {isa = PBXFileReference; lastKnownFileType = sourcecode.cpp.cpp; path = main.cpp; sourceTree = "<group>"; };
		09C5ECC51891E44D00D9B859 /* SeniorProject.1 */ = {isa = PBXFileReference; lastKnownFileType = text.man; path = SeniorProject.1; sourceTree = "<group>"; };
/* End PBXFileReference section */

/* Begin PBXFrameworksBuildPhase section */
		09C5ECBD1891E44D00D9B859 /* Frameworks */ = {
			isa = PBXFrameworksBuildPhase;
			buildActionMask = 2147483647;
			files = (
			);
			runOnlyForDeploymentPostprocessing = 0;
		};
/* End PBXFrameworksBuildPhase section */

/* Begin PBXGroup section */
		09C5ECB71891E44D00D9B859 = {
			isa = PBXGroup;
			children = (
				09C5ECC21891E44D00D9B859 /* SeniorProject */,
				09C5ECC11891E44D00D9B859 /* Products */,
			);
			sourceTree = "<group>";
		};
		09C5ECC11891E44D00D9B859 /* Products */ = {
			isa = PBXGroup;
			children = (
				09C5ECC01891E44D00D9B859 /* SeniorProject */,
			);
			name = Products;
			sourceTree = "<group>";
		};
		09C5ECC21891E44D00D9B859 /* SeniorProject */ = {
			isa = PBXGroup;
			children = (
				09C5ECC31891E44D00D9B859 /* main.cpp */,
				09C5ECC51891E44D00D9B859 /* SeniorProject.1 */,
			);
			path = SeniorProject;
			sourceTree = "<group>";
		};
/* End PBXGroup section */

/* Begin PBXNativeTarget section */
		09C5ECBF1891E44D00D9B859 /* SeniorProject */ = {
			isa = PBXNativeTarget;
			buildConfigurationList = 09C5ECC91891E44D00D9B859 /* Build configuration list for PBXNativeTarget "SeniorProject" */;
			buildPhases = (
				09C5ECBC1891E44D00D9B859 /* Sources */,
				09C5ECBD1891E44D00D9B859 /* Frameworks */,
				09C5ECBE1891E44D00D9B859 /* CopyFiles */,
			);
			buildRules = (
			);
			dependencies = (
			);
			name = SeniorProject;
			productName = SeniorProject;
			productReference = 09C5ECC01891E44D00D9B859 /* SeniorProject */;
			productType = "com.apple.product-type.tool";
		};
/* End PBXNativeTarget section */

/* Begin PBXProject section */
		09C5ECB81891E44D00D9B859 /* Project object */ = {
			isa = PBXProject;
			attributes = {
				LastUpgradeCheck = 0460;
				ORGANIZATIONNAME = "Shay Bromer";
			};
			buildConfigurationList = 09C5ECBB1891E44D00D9B859 /* Build configuration list for PBXProject "SeniorProject" */;
			compatibilityVersion = "Xcode 3.2";
			developmentRegion = English;
			hasScannedForEncodings = 0;
			knownRegions = (
				en,
			);
			mainGroup = 09C5ECB71891E44D00D9B859;
			productRefGroup = 09C5ECC11891E44D00D9B859 /* Products */;
			projectDirPath = "";
			projectRoot = "";
			targets = (
				09C5ECBF1891E44D00D9B859 /* SeniorProject */,
			);
		};
/* End PBXProject section */

/* Begin PBXSourcesBuildPhase section */
		09C5ECBC1891E44D00D9B859 /* Sources */ = {
			isa = PBXSourcesBuildPhase;
			buildActionMask = 2147483647;
			files = (
				09C5ECC41891E44D00D9B859 /* main.cpp in Sources */,
			);
			runOnlyForDeploymentPostprocessing = 0;
		};
/* End PBXSourcesBuildPhase section */

/* Begin XCBuildConfiguration section */
		09C5ECC71891E44D00D9B859 /* Debug */ = {
			isa = XCBuildConfiguration;
			buildSettings = {
				ALWAYS_SEARCH_USER_PATHS = NO;
				ARCHS = "$(ARCHS_STANDARD_64_BIT)";
				CLANG_CXX_LANGUAGE_STANDARD = "gnu++0x";
				CLANG_CXX_LIBRARY = "libc++";
				CLANG_ENABLE_OBJC_ARC = YES;
				CLANG_WARN_CONSTANT_CONVERSION = YES;
				CLANG_WARN_EMPTY_BODY = YES;
				CLANG_WARN_ENUM_CONVERSION = YES;
				CLANG_WARN_INT_CONVERSION = YES;
				CLANG_WARN__DUPLICATE_METHOD_MATCH = YES;
				COPY_PHASE_STRIP = NO;
				GCC_C_LANGUAGE_STANDARD = gnu99;
				GCC_DYNAMIC_NO_PIC = NO;
				GCC_ENABLE_OBJC_EXCEPTIONS = YES;
				GCC_OPTIMIZATION_LEVEL = 0;
				GCC_PREPROCESSOR_DEFINITIONS = (
					"DEBUG=1",
					"$(inherited)",
				);
				GCC_SYMBOLS_PRIVATE_EXTERN = NO;
				GCC_WARN_64_TO_32_BIT_CONVERSION = YES;
				GCC_WARN_ABOUT_RETURN_TYPE = YES;
				GCC_WARN_UNINITIALIZED_AUTOS = YES;
				GCC_WARN_UNUSED_VARIABLE = YES;
				MACOSX_DEPLOYMENT_TARGET = 10.8;
				ONLY_ACTIVE_ARCH = YES;
				SDKROOT = macosx;
			};
			name = Debug;
		};
		09C5ECC81891E44D00D9B859 /* Release */ = {
			isa = XCBuildConfiguration;
			buildSettings = {
				ALWAYS_SEARCH_USER_PATHS = NO;
				ARCHS = "$(ARCHS_STANDARD_64_BIT)";
				CLANG_CXX_LANGUAGE_STANDARD = "gnu++0x";
				CLANG_CXX_LIBRARY = "libc++";
				CLANG_ENABLE_OBJC_ARC = YES;
				CLANG_WARN_CONSTANT_CONVERSION = YES;
				CLANG_WARN_EMPTY_BODY = YES;
				CLANG_WARN_ENUM_CONVERSION = YES;
				CLANG_WARN_INT_CONVERSION = YES;
				CLANG_WARN__DUPLICATE_METHOD_MATCH = YES;
				COPY_PHASE_STRIP = YES;
				DEBUG_INFORMATION_FORMAT = "dwarf-with-dsym";
				GCC_C_LANGUAGE_STANDARD = gnu99;
				GCC_ENABLE_OBJC_EXCEPTIONS = YES;
				GCC_WARN_64_TO_32_BIT_CONVERSION = YES;
				GCC_WARN_ABOUT_RETURN_TYPE = YES;
				GCC_WARN_UNINITIALIZED_AUTOS = YES;
				GCC_WARN_UNUSED_VARIABLE = YES;
				MACOSX_DEPLOYMENT_TARGET = 10.8;
				SDKROOT = macosx;
			};
			name = Release;
		};
		09C5ECCA1891E44D00D9B859 /* Debug */ = {
			isa = XCBuildConfiguration;
			buildSettings = {
				PRODUCT_NAME = "$(TARGET_NAME)";
			};
			name = Debug;
		};
		09C5ECCB1891E44D00D9B859 /* Release */ = {
			isa = XCBuildConfiguration;
			buildSettings = {
				PRODUCT_NAME = "$(TARGET_NAME)";
			};
			name = Release;
		};
/* End XCBuildConfiguration section */

/* Begin XCConfigurationList section */
		09C5ECBB1891E44D00D9B859 /* Build configuration list for PBXProject "SeniorProject" */ = {
			isa = XCConfigurationList;
			buildConfigurations = (
				09C5ECC71891E44D00D9B859 /* Debug */,
				09C5ECC81891E44D00D9B859 /* Release */,
			);
			defaultConfigurationIsVisible = 0;
			defaultConfigurationName = Release;
		};
		09C5ECC91891E44D00D9B859 /* Build configuration list for PBXNativeTarget "SeniorProject" */ = {
			isa = XCConfigurationList;
			buildConfigurations = (
				09C5ECCA1891E44D00D9B859 /* Debug */,
				09C5ECCB1891E44D00D9B859 /* Release */,
			);
			defaultConfigurationIsVisible = 0;
		};
/* End XCConfigurationList section */
	};
	rootObject = 09C5ECB81891E44D00D9B859 /* Project object */;
}
